<?xml version="1.0" encoding="utf-8"?>
<Project ToolsVersion="4.0" xmlns="http://schemas.microsoft.com/developer/msbuild/2003">
  <ItemGroup>
    <Filter Include="Source Files">
      <UniqueIdentifier>{4FC737F1-C7A5-4376-A066-2A32D752A2FF}</UniqueIdentifier>
      <Extensions>cpp;c;cxx;def;odl;idl;hpj;bat;asm;asmx</Extensions>
    </Filter>
    <Filter Include="Header Files">
      <UniqueIdentifier>{93995380-89BD-4b04-88EB-625FBE52EBFB}</UniqueIdentifier>
      <Extensions>h;hpp;hxx;hm;inl;inc;xsd</Extensions>
    </Filter>
  </ItemGroup>
  <ItemGroup>
    <ClCompile Include="framework.cpp">
      <Filter>Source Files</Filter>
    </ClCompile>
    <ClCompile Include="devedge_application.cpp">
      <Filter>Source Files</Filter>
    </ClCompile>
    <ClCompile Include="devedge_child_frame.cpp">
      <Filter>Source Files</Filter>
    </ClCompile>
    <ClCompile Include="devedge_devedge.cpp">
      <Filter>Source Files</Filter>
    </ClCompile>
    <ClCompile Include="devedge_document.cpp">
      <Filter>Source Files</Filter>
    </ClCompile>
    <ClCompile Include="devedge_elemental.cpp">
      <Filter>Source Files</Filter>
    </ClCompile>
    <ClCompile Include="devedge_elemental_file.cpp">
      <Filter>Source Files</Filter>
    </ClCompile>
    <ClCompile Include="devedge_elemental_folder.cpp">
      <Filter>Source Files</Filter>
    </ClCompile>
    <ClCompile Include="devedge_elemental_headers.cpp">
      <Filter>Source Files</Filter>
    </ClCompile>
    <ClCompile Include="devedge_elemental_project.cpp">
      <Filter>Source Files</Filter>
    </ClCompile>
    <ClCompile Include="devedge_elemental_solution.cpp">
      <Filter>Source Files</Filter>
    </ClCompile>
    <ClCompile Include="devedge_elemental_source.cpp">
      <Filter>Source Files</Filter>
    </ClCompile>
    <ClCompile Include="devedge_front_child_frame.cpp">
      <Filter>Source Files</Filter>
    </ClCompile>
    <ClCompile Include="devedge_front_document.cpp">
      <Filter>Source Files</Filter>
    </ClCompile>
    <ClCompile Include="devedge_front_thread.cpp">
      <Filter>Source Files</Filter>
    </ClCompile>
    <ClCompile Include="devedge_front_view.cpp">
      <Filter>Source Files</Filter>
    </ClCompile>
    <ClCompile Include="devedge_html_edit_child_frame.cpp">
      <Filter>Source Files</Filter>
    </ClCompile>
    <ClCompile Include="devedge_html_edit_document.cpp">
      <Filter>Source Files</Filter>
    </ClCompile>
    <ClCompile Include="devedge_html_edit_view.cpp">
      <Filter>Source Files</Filter>
    </ClCompile>
    <ClCompile Include="devedge_html_stage_document.cpp">
      <Filter>Source Files</Filter>
    </ClCompile>
    <ClCompile Include="devedge_html_stage_frame.cpp">
      <Filter>Source Files</Filter>
    </ClCompile>
    <ClCompile Include="devedge_html_stage_view.cpp">
      <Filter>Source Files</Filter>
    </ClCompile>
    <ClCompile Include="devedge_main_document.cpp">
      <Filter>Source Files</Filter>
    </ClCompile>
    <ClCompile Include="devedge_main_frame.cpp">
      <Filter>Source Files</Filter>
    </ClCompile>
    <ClCompile Include="devedge_pane_view.cpp">
      <Filter>Source Files</Filter>
    </ClCompile>
    <ClCompile Include="devedge_pane_view_update_hint.cpp">
      <Filter>Source Files</Filter>
    </ClCompile>
    <ClCompile Include="devedge_solution_document.cpp">
      <Filter>Source Files</Filter>
    </ClCompile>
    <ClCompile Include="devedge_solution_tree_data.cpp">
      <Filter>Source Files</Filter>
    </ClCompile>
    <ClCompile Include="devedge_solution_view.cpp">
      <Filter>Source Files</Filter>
    </ClCompile>
    <ClCompile Include="devedge_view.cpp">
      <Filter>Source Files</Filter>
    </ClCompile>
    <ClCompile Include="devedgeDoc.cpp">
      <Filter>Source Files</Filter>
    </ClCompile>
    <ClCompile Include="devedgeFrame.cpp">
      <Filter>Source Files</Filter>
    </ClCompile>
    <ClCompile Include="devedgeView.cpp">
      <Filter>Source Files</Filter>
    </ClCompile>
    <ClCompile Include="Element2D.cpp">
      <Filter>Source Files</Filter>
    </ClCompile>
    <ClCompile Include="KeyboardFocus.cpp">
      <Filter>Source Files</Filter>
    </ClCompile>
    <ClCompile Include="PaneViewUpdateHint.cpp">
      <Filter>Source Files</Filter>
    </ClCompile>
    <ClCompile Include="PlainTextBox.cpp">
      <Filter>Source Files</Filter>
    </ClCompile>
    <ClCompile Include="TextInterface.cpp">
      <Filter>Source Files</Filter>
    </ClCompile>
    <ClCompile Include="design_devedge.cpp">
      <Filter>Source Files</Filter>
    </ClCompile>
  </ItemGroup>
  <ItemGroup>
    <ClInclude Include="framework.h">
      <Filter>Header Files</Filter>
    </ClInclude>
    <ClInclude Include="devedge.h">
      <Filter>Header Files</Filter>
    </ClInclude>
    <ClInclude Include="devedge_application.h">
      <Filter>Header Files</Filter>
    </ClInclude>
    <ClInclude Include="devedge_child_frame.h">
      <Filter>Header Files</Filter>
    </ClInclude>
    <ClInclude Include="devedge_devedge.h">
      <Filter>Header Files</Filter>
    </ClInclude>
    <ClInclude Include="devedge_document.h">
      <Filter>Header Files</Filter>
    </ClInclude>
    <ClInclude Include="devedge_elemental.h">
      <Filter>Header Files</Filter>
    </ClInclude>
    <ClInclude Include="devedge_elemental_file.h">
      <Filter>Header Files</Filter>
    </ClInclude>
    <ClInclude Include="devedge_elemental_folder.h">
      <Filter>Header Files</Filter>
    </ClInclude>
    <ClInclude Include="devedge_elemental_headers.h">
      <Filter>Header Files</Filter>
    </ClInclude>
    <ClInclude Include="devedge_elemental_project.h">
      <Filter>Header Files</Filter>
    </ClInclude>
    <ClInclude Include="devedge_elemental_solution.h">
      <Filter>Header Files</Filter>
    </ClInclude>
    <ClInclude Include="devedge_elemental_source.h">
      <Filter>Header Files</Filter>
    </ClInclude>
    <ClInclude Include="devedge_front_child_frame.h">
      <Filter>Header Files</Filter>
    </ClInclude>
    <ClInclude Include="devedge_front_document.h">
      <Filter>Header Files</Filter>
    </ClInclude>
    <ClInclude Include="devedge_front_thread.h">
      <Filter>Header Files</Filter>
    </ClInclude>
    <ClInclude Include="devedge_front_view.h">
      <Filter>Header Files</Filter>
    </ClInclude>
    <ClInclude Include="devedge_html_edit_child_frame.h">
      <Filter>Header Files</Filter>
    </ClInclude>
    <ClInclude Include="devedge_html_edit_document.h">
      <Filter>Header Files</Filter>
    </ClInclude>
    <ClInclude Include="devedge_html_edit_view.h">
      <Filter>Header Files</Filter>
    </ClInclude>
    <ClInclude Include="devedge_html_stage_child_frame.h">
      <Filter>Header Files</Filter>
    </ClInclude>
    <ClInclude Include="devedge_html_stage_document.h">
      <Filter>Header Files</Filter>
    </ClInclude>
    <ClInclude Include="devedge_html_stage_view.h">
      <Filter>Header Files</Filter>
    </ClInclude>
    <ClInclude Include="devedge_internal.h">
      <Filter>Header Files</Filter>
    </ClInclude>
    <ClInclude Include="devedge_main_document.h">
      <Filter>Header Files</Filter>
    </ClInclude>
    <ClInclude Include="devedge_main_frame.h">
      <Filter>Header Files</Filter>
    </ClInclude>
    <ClInclude Include="devedge_pane_view.h">
      <Filter>Header Files</Filter>
    </ClInclude>
    <ClInclude Include="devedge_pane_view_update_hint.h">
      <Filter>Header Files</Filter>
    </ClInclude>
    <ClInclude Include="devedge_solution_document.h">
      <Filter>Header Files</Filter>
    </ClInclude>
    <ClInclude Include="devedge_solution_tree_data.h">
      <Filter>Header Files</Filter>
    </ClInclude>
    <ClInclude Include="devedge_solution_view.h">
      <Filter>Header Files</Filter>
    </ClInclude>
    <ClInclude Include="devedge_view.h">
      <Filter>Header Files</Filter>
    </ClInclude>
    <ClInclude Include="devedgeDoc.h">
      <Filter>Header Files</Filter>
    </ClInclude>
    <ClInclude Include="devedgeFrame.h">
      <Filter>Header Files</Filter>
    </ClInclude>
    <ClInclude Include="devedgeView.h">
      <Filter>Header Files</Filter>
    </ClInclude>
    <ClInclude Include="Element2D.h">
      <Filter>Header Files</Filter>
    </ClInclude>
    <ClInclude Include="KeyboardFocus.h">
      <Filter>Header Files</Filter>
    </ClInclude>
    <ClInclude Include="PaneViewUpdateHint.h">
      <Filter>Header Files</Filter>
    </ClInclude>
    <ClInclude Include="PlainTextBox.h">
      <Filter>Header Files</Filter>
    </ClInclude>
    <ClInclude Include="TextInterface.h">
      <Filter>Header Files</Filter>
    </ClInclude>
  </ItemGroup>
  <ItemGroup>
    <None Include="design_devedge.def">
      <Filter>Source Files</Filter>
    </None>
  </ItemGroup>
</Project>