<?xml version="1.0" encoding="UTF-8" standalone="yes" ?>
<CodeBlocks_project_file>
	<FileVersion major="1" minor="6" />
	<Project>
		<Option title="tesseract" />
		<Option pch_mode="2" />
		<Option compiler="gcc" />
		<Build>
			<Target title="Debug">
				<Option output="../../../time/x64/basis/libca2tesseract.so" prefix_auto="0" extension_auto="0" />
				<Option working_dir="../../../time/x64/basis/" />
				<Option object_output="../../../time/intermediate/app/ca2tesseract" />
				<Option type="3" />
				<Option compiler="gcc" />
				<Option parameters=": app=app-core/netnodelite build_number=basis locale=_std schema=_std" />
				<Option host_application="/ca2/stage/x86/app" />
				<Option createDefFile="1" />
				<Option createStaticLib="1" />
				<Compiler>
					<Add option="-g" />
					<Add option="-D_DEBUG" />
					<Add directory="." />
					<Add directory=".." />
					<Add directory="../.." />
					<Add directory="../ca2" />
					<Add directory="../../nodeapp/linux" />
					<Add directory="../../nodeapp/linux/include" />
					<Add directory="../../.." />
					<Add directory="../../../app/appseed" />
					<Add directory="../../../app/appseed/ca" />
					<Add directory="../../../app/appseed/ca2" />
					<Add directory="../../../app/thirdparty/include" />
				</Compiler>
			</Target>
		</Build>
		<Compiler>
			<Add option="-std=c++0x" />
			<Add option="-fPIC" />
			<Add option="-fexceptions" />
			<Add option="-fnon-call-exceptions" />
			<Add option="-fno-pie" />
			<Add option="-fno-stack-protector" />
			<Add option="-Wno-pointer-arith" />
			<Add option="-Wno-attributes" />
			<Add option="-Winvalid-pch" />
			<Add directory="../../../app/thirdparty/appseed" />
		</Compiler>
		<Linker>
			<Add option="-Wl,-rpath,\\$$ORIGIN" />
			<Add option="-Wl,-E" />
			<Add option="-lca2c" />
			<Add option="-lca2" />
			<Add option="-Wl,-z,defs" />
			<Add directory="../../../stage/x86" />
		</Linker>
		<Unit filename="atesseract/atesseract.h" />
		<Unit filename="atesseract/atesseract_application.cpp" />
		<Unit filename="atesseract/atesseract_application.h" />
		<Unit filename="biteditor/biteditor.h" />
		<Unit filename="biteditor/biteditor_application.cpp" />
		<Unit filename="biteditor/biteditor_application.h" />
		<Unit filename="biteditor/biteditor_ascii_box.cpp" />
		<Unit filename="biteditor/biteditor_ascii_box.h" />
		<Unit filename="biteditor/biteditor_child_frame.cpp" />
		<Unit filename="biteditor/biteditor_child_frame.h" />
		<Unit filename="biteditor/biteditor_document.cpp" />
		<Unit filename="biteditor/biteditor_document.h" />
		<Unit filename="biteditor/biteditor_frame.cpp" />
		<Unit filename="biteditor/biteditor_frame.h" />
		<Unit filename="biteditor/biteditor_front_child_frame.cpp" />
		<Unit filename="biteditor/biteditor_front_child_frame.h" />
		<Unit filename="biteditor/biteditor_front_document.cpp" />
		<Unit filename="biteditor/biteditor_front_document.h" />
		<Unit filename="biteditor/biteditor_front_view.cpp" />
		<Unit filename="biteditor/biteditor_front_view.h" />
		<Unit filename="biteditor/biteditor_hex_box.cpp" />
		<Unit filename="biteditor/biteditor_hex_box.h" />
		<Unit filename="biteditor/biteditor_main_document.cpp" />
		<Unit filename="biteditor/biteditor_main_document.h" />
		<Unit filename="biteditor/biteditor_pane_view.cpp" />
		<Unit filename="biteditor/biteditor_pane_view.h" />
		<Unit filename="biteditor/biteditor_pane_view_update_hint.cpp" />
		<Unit filename="biteditor/biteditor_pane_view_update_hint.h" />
		<Unit filename="biteditor/biteditor_view.cpp" />
		<Unit filename="biteditor/biteditor_view.h" />
		<Unit filename="devedge/Element2D.h" />
		<Unit filename="devedge/KeyboardFocus.h" />
		<Unit filename="devedge/PaneViewUpdateHint.h" />
		<Unit filename="devedge/PlainTextBox.h" />
		<Unit filename="devedge/TextInterface.h" />
		<Unit filename="devedge/devedge.h" />
		<Unit filename="devedge/devedgeDoc.h" />
		<Unit filename="devedge/devedgeFrame.h" />
		<Unit filename="devedge/devedgeView.h" />
		<Unit filename="devedge/devedge_application.cpp" />
		<Unit filename="devedge/devedge_application.h" />
		<Unit filename="devedge/devedge_child_frame.cpp" />
		<Unit filename="devedge/devedge_child_frame.h" />
		<Unit filename="devedge/devedge_devedge.cpp" />
		<Unit filename="devedge/devedge_devedge.h" />
		<Unit filename="devedge/devedge_document.cpp" />
		<Unit filename="devedge/devedge_document.h" />
		<Unit filename="devedge/devedge_elemental.cpp" />
		<Unit filename="devedge/devedge_elemental.h" />
		<Unit filename="devedge/devedge_elemental_file.cpp" />
		<Unit filename="devedge/devedge_elemental_file.h" />
		<Unit filename="devedge/devedge_elemental_folder.cpp" />
		<Unit filename="devedge/devedge_elemental_folder.h" />
		<Unit filename="devedge/devedge_elemental_headers.cpp" />
		<Unit filename="devedge/devedge_elemental_headers.h" />
		<Unit filename="devedge/devedge_elemental_project.cpp" />
		<Unit filename="devedge/devedge_elemental_project.h" />
		<Unit filename="devedge/devedge_elemental_solution.cpp" />
		<Unit filename="devedge/devedge_elemental_solution.h" />
		<Unit filename="devedge/devedge_elemental_source.cpp" />
		<Unit filename="devedge/devedge_elemental_source.h" />
		<Unit filename="devedge/devedge_front_child_frame.cpp" />
		<Unit filename="devedge/devedge_front_child_frame.h" />
		<Unit filename="devedge/devedge_front_document.cpp" />
		<Unit filename="devedge/devedge_front_document.h" />
		<Unit filename="devedge/devedge_front_thread.cpp" />
		<Unit filename="devedge/devedge_front_thread.h" />
		<Unit filename="devedge/devedge_front_view.cpp" />
		<Unit filename="devedge/devedge_front_view.h" />
		<Unit filename="devedge/devedge_html_edit_child_frame.cpp" />
		<Unit filename="devedge/devedge_html_edit_child_frame.h" />
		<Unit filename="devedge/devedge_html_edit_document.cpp" />
		<Unit filename="devedge/devedge_html_edit_document.h" />
		<Unit filename="devedge/devedge_html_edit_view.cpp" />
		<Unit filename="devedge/devedge_html_edit_view.h" />
		<Unit filename="devedge/devedge_html_stage_child_frame.h" />
		<Unit filename="devedge/devedge_html_stage_document.cpp" />
		<Unit filename="devedge/devedge_html_stage_document.h" />
		<Unit filename="devedge/devedge_html_stage_frame.cpp" />
		<Unit filename="devedge/devedge_html_stage_view.cpp" />
		<Unit filename="devedge/devedge_html_stage_view.h" />
		<Unit filename="devedge/devedge_internal.h" />
		<Unit filename="devedge/devedge_main_document.cpp" />
		<Unit filename="devedge/devedge_main_document.h" />
		<Unit filename="devedge/devedge_main_frame.cpp" />
		<Unit filename="devedge/devedge_main_frame.h" />
		<Unit filename="devedge/devedge_pane_view.cpp" />
		<Unit filename="devedge/devedge_pane_view.h" />
		<Unit filename="devedge/devedge_pane_view_update_hint.cpp" />
		<Unit filename="devedge/devedge_pane_view_update_hint.h" />
		<Unit filename="devedge/devedge_solution_document.cpp" />
		<Unit filename="devedge/devedge_solution_document.h" />
		<Unit filename="devedge/devedge_solution_tree_data.cpp" />
		<Unit filename="devedge/devedge_solution_tree_data.h" />
		<Unit filename="devedge/devedge_solution_view.cpp" />
		<Unit filename="devedge/devedge_solution_view.h" />
		<Unit filename="devedge/devedge_view.cpp" />
		<Unit filename="devedge/devedge_view.h" />
		<Unit filename="eluce/application.h" />
		<Unit filename="eluce/document.h" />
		<Unit filename="eluce/eluce.h" />
		<Unit filename="eluce/eluce_application.cpp" />
		<Unit filename="eluce/eluce_document.cpp" />
		<Unit filename="eluce/eluce_frame.cpp" />
		<Unit filename="eluce/eluce_pane_view.cpp" />
		<Unit filename="eluce/eluce_pane_view_update_hint.cpp" />
		<Unit filename="eluce/eluce_view.cpp" />
		<Unit filename="eluce/frame.h" />
		<Unit filename="eluce/pane_view.h" />
		<Unit filename="eluce/pane_view_update_hint.h" />
		<Unit filename="eluce/view.h" />
		<Unit filename="framework.cpp" />
		<Unit filename="framework.h">
			<Option compile="1" />
			<Option weight="0" />
		</Unit>
		<Unit filename="mail/mail.h" />
		<Unit filename="mail/mail_application.cpp" />
		<Unit filename="mail/mail_application.h" />
		<Unit filename="mail/mail_child_frame.cpp" />
		<Unit filename="mail/mail_child_frame.h" />
		<Unit filename="mail/mail_configuration.cpp" />
		<Unit filename="mail/mail_configuration.h" />
		<Unit filename="mail/mail_document.cpp" />
		<Unit filename="mail/mail_document.h" />
		<Unit filename="mail/mail_frame.cpp" />
		<Unit filename="mail/mail_frame.h" />
		<Unit filename="mail/mail_list.cpp" />
		<Unit filename="mail/mail_list.h" />
		<Unit filename="mail/mail_main_document.h" />
		<Unit filename="mail/mail_main_frame.h" />
		<Unit filename="mail/mail_main_view.cpp" />
		<Unit filename="mail/mail_main_view.h" />
		<Unit filename="mail/mail_right_pane_view.cpp" />
		<Unit filename="mail/mail_right_pane_view.h" />
		<Unit filename="mail/mail_right_view.cpp" />
		<Unit filename="mail/mail_right_view.h" />
		<Unit filename="mail/mail_tree.cpp" />
		<Unit filename="mail/mail_tree.h" />
		<Unit filename="mail/mail_view.cpp" />
		<Unit filename="mail/mail_view.h" />
		<Unit filename="netnodecfg/Resource.h" />
		<Unit filename="paint/_paint_document.cpp" />
		<Unit filename="paint/_paint_frame.cpp" />
		<Unit filename="paint/_paint_pane_view.cpp" />
		<Unit filename="paint/_paint_pane_view_update_hint.cpp" />
		<Unit filename="paint/_paint_view.cpp" />
		<Unit filename="paint/application.h" />
		<Unit filename="paint/document.h" />
		<Unit filename="paint/elemental.h" />
		<Unit filename="paint/image.h" />
		<Unit filename="paint/input_button.h" />
		<Unit filename="paint/input_text.h" />
		<Unit filename="paint/paint.h" />
		<Unit filename="paint/paint_application.cpp" />
		<Unit filename="paint/paint_document.cpp" />
		<Unit filename="paint/paint_document.h" />
		<Unit filename="paint/paint_elemental.cpp" />
		<Unit filename="paint/paint_frame.h" />
		<Unit filename="paint/paint_image.cpp" />
		<Unit filename="paint/paint_input_button.cpp" />
		<Unit filename="paint/paint_input_text.cpp" />
		<Unit filename="paint/paint_style.cpp" />
		<Unit filename="paint/paint_text.cpp" />
		<Unit filename="paint/paint_view.h" />
		<Unit filename="paint/pane_view.h" />
		<Unit filename="paint/pane_view_update_hint.h" />
		<Unit filename="paint/style.h" />
		<Unit filename="paint/text.h" />
		<Unit filename="simpledb/cfg/simpledbcfg.h" />
		<Unit filename="simpledb/cfg/simpledbcfg_application.cpp" />
		<Unit filename="simpledb/cfg/simpledbcfg_application.h" />
		<Unit filename="simpledb/cfg/simpledbcfg_area.cpp" />
		<Unit filename="simpledb/cfg/simpledbcfg_area.h" />
		<Unit filename="simpledb/cfg/simpledbcfg_document.cpp" />
		<Unit filename="simpledb/cfg/simpledbcfg_document.h" />
		<Unit filename="simpledb/cfg/simpledbcfg_frame.cpp" />
		<Unit filename="simpledb/cfg/simpledbcfg_frame.h" />
		<Unit filename="simpledb/cfg/simpledbcfg_netnode.cpp" />
		<Unit filename="simpledb/cfg/simpledbcfg_simpledb.h" />
		<Unit filename="simpledb/cfg/simpledbcfg_view.cpp" />
		<Unit filename="simpledb/cfg/simpledbcfg_view.h" />
		<Unit filename="simpledb/mail_main_frame.cpp" />
		<Unit filename="simpledb/simpledb.h" />
		<Unit filename="simpledb/simpledb_application.cpp" />
		<Unit filename="simpledb/simpledb_application.h" />
		<Unit filename="tarsila/Resource.h" />
		<Unit filename="tarsila/application.h" />
		<Unit filename="tarsila/area.h" />
		<Unit filename="tarsila/document.h" />
		<Unit filename="tarsila/frame.h" />
		<Unit filename="tarsila/socket.h" />
		<Unit filename="tarsila/tarsila.h" />
		<Unit filename="tarsila/tarsila_application.cpp" />
		<Unit filename="tarsila/tarsila_document.cpp" />
		<Unit filename="tarsila/tarsila_frame.cpp" />
		<Unit filename="tarsila/tarsila_view.cpp" />
		<Unit filename="tarsila/view.h" />
		<Unit filename="tesseract/tesseract.cpp" />
		<Unit filename="tesseract/tesseract.h" />
		<Unit filename="tesseract/tesseract_application.cpp" />
		<Unit filename="tesseract/tesseract_application.h" />
		<Unit filename="tesseract/tesseract_library.cpp" />
		<Unit filename="tesseract/tesseract_library.h" />
		<Unit filename="vericalc/vericalc.h" />
		<Unit filename="vericalc/vericalc_application.cpp" />
		<Unit filename="vericalc/vericalc_application.h" />
		<Unit filename="vericalc/vericalc_document.cpp" />
		<Unit filename="vericalc/vericalc_document.h" />
		<Unit filename="vericalc/vericalc_frame.cpp" />
		<Unit filename="vericalc/vericalc_frame.h" />
		<Unit filename="vericalc/vericalc_pane_view.cpp" />
		<Unit filename="vericalc/vericalc_pane_view.h" />
		<Unit filename="vericalc/vericalc_pane_view_update_hint.cpp" />
		<Unit filename="vericalc/vericalc_pane_view_update_hint.h" />
		<Unit filename="vericalc/vericalc_view.cpp" />
		<Unit filename="vericalc/vericalc_view.h" />
		<Unit filename="verifile/application.h" />
		<Unit filename="verifile/verifile.h" />
		<Unit filename="verifile/verifile_application.cpp" />
		<Unit filename="whiteboard/Keeper.h" />
		<Unit filename="whiteboard/MultiFrameViewSingleDocTemplate.h" />
		<Unit filename="whiteboard/WindowView.h" />
		<Unit filename="whiteboard/application.h" />
		<Unit filename="whiteboard/definition.h" />
		<Unit filename="whiteboard/document.h" />
		<Unit filename="whiteboard/document_template.h" />
		<Unit filename="whiteboard/html_frame.h" />
		<Unit filename="whiteboard/html_view.h" />
		<Unit filename="whiteboard/http_thread.h" />
		<Unit filename="whiteboard/http_window.h" />
		<Unit filename="whiteboard/main_frame.h" />
		<Unit filename="whiteboard/options_view.h" />
		<Unit filename="whiteboard/registry.h" />
		<Unit filename="whiteboard/site.h" />
		<Unit filename="whiteboard/sites.h" />
		<Unit filename="whiteboard/time.h" />
		<Unit filename="whiteboard/toolbar.h" />
		<Unit filename="whiteboard/user_hour.h" />
		<Unit filename="whiteboard/util.h" />
		<Unit filename="whiteboard/view.h" />
		<Unit filename="whiteboard/whiteboard.h" />
		<Unit filename="whiteboard/whiteboard_HtmlFrame.cpp" />
		<Unit filename="whiteboard/whiteboard_HtmlView.cpp" />
		<Unit filename="whiteboard/whiteboard_MultiFrameViewSingleDocTemplate.cpp" />
		<Unit filename="whiteboard/whiteboard_OptionsView.cpp" />
		<Unit filename="whiteboard/whiteboard_Time.cpp" />
		<Unit filename="whiteboard/whiteboard_View.cpp" />
		<Unit filename="whiteboard/whiteboard_application.cpp" />
		<Unit filename="whiteboard/whiteboard_document.cpp" />
		<Unit filename="whiteboard/whiteboard_document_template.cpp" />
		<Unit filename="whiteboard/whiteboard_http_thread.cpp" />
		<Unit filename="whiteboard/whiteboard_http_window.cpp" />
		<Unit filename="whiteboard/whiteboard_main_frame.cpp" />
		<Unit filename="whiteboard/whiteboard_registry.cpp" />
		<Unit filename="whiteboard/whiteboard_tool_bar.cpp" />
		<Unit filename="whiteboard/whiteboard_user_hour.cpp" />
		<Unit filename="whiteboard/whiteboard_util.cpp" />
		<Unit filename="winservice_filesystemsize/application.h" />
		<Unit filename="winservice_filesystemsize/service.h" />
		<Unit filename="winservice_filesystemsize/winservice_filesystemsize.h" />
		<Unit filename="winservice_filesystemsize/winservice_filesystemsizeapplication.cpp" />
		<Unit filename="winservice_filesystemsize/winservice_filesystemsizeservice.cpp" />
		<Extensions>
			<code_completion />
			<debugger />
		</Extensions>
	</Project>
</CodeBlocks_project_file>
