<?xml version="1.0" encoding="utf-8"?>
<Project ToolsVersion="4.0" xmlns="http://schemas.microsoft.com/developer/msbuild/2003">
  <ItemGroup>
    <Filter Include="Source Files">
      <UniqueIdentifier>{4FC737F1-C7A5-4376-A066-2A32D752A2FF}</UniqueIdentifier>
      <Extensions>cpp;c;cxx;def;odl;idl;hpj;bat;asm;asmx</Extensions>
    </Filter>
    <Filter Include="Header Files">
      <UniqueIdentifier>{93995380-89BD-4b04-88EB-625FBE52EBFB}</UniqueIdentifier>
      <Extensions>h;hpp;hxx;hm;inl;inc;xsd</Extensions>
    </Filter>
  </ItemGroup>
  <ItemGroup>
    <ClCompile Include="framework.cpp">
      <Filter>Source Files</Filter>
    </ClCompile>
    <ClCompile Include="biteditor_application.cpp">
      <Filter>Source Files</Filter>
    </ClCompile>
    <ClCompile Include="biteditor_ascii_box.cpp">
      <Filter>Source Files</Filter>
    </ClCompile>
    <ClCompile Include="biteditor_child_frame.cpp">
      <Filter>Source Files</Filter>
    </ClCompile>
    <ClCompile Include="biteditor_document.cpp">
      <Filter>Source Files</Filter>
    </ClCompile>
    <ClCompile Include="biteditor_frame.cpp">
      <Filter>Source Files</Filter>
    </ClCompile>
    <ClCompile Include="biteditor_front_child_frame.cpp">
      <Filter>Source Files</Filter>
    </ClCompile>
    <ClCompile Include="biteditor_front_document.cpp">
      <Filter>Source Files</Filter>
    </ClCompile>
    <ClCompile Include="biteditor_front_view.cpp">
      <Filter>Source Files</Filter>
    </ClCompile>
    <ClCompile Include="biteditor_hex_box.cpp">
      <Filter>Source Files</Filter>
    </ClCompile>
    <ClCompile Include="biteditor_main_document.cpp">
      <Filter>Source Files</Filter>
    </ClCompile>
    <ClCompile Include="biteditor_pane_view.cpp">
      <Filter>Source Files</Filter>
    </ClCompile>
    <ClCompile Include="biteditor_pane_view_update_hint.cpp">
      <Filter>Source Files</Filter>
    </ClCompile>
    <ClCompile Include="biteditor_view.cpp">
      <Filter>Source Files</Filter>
    </ClCompile>
  </ItemGroup>
  <ItemGroup>
    <ClInclude Include="framework.h">
      <Filter>Header Files</Filter>
    </ClInclude>
    <ClInclude Include="biteditor.h">
      <Filter>Header Files</Filter>
    </ClInclude>
    <ClInclude Include="biteditor_application.h">
      <Filter>Header Files</Filter>
    </ClInclude>
    <ClInclude Include="biteditor_ascii_box.h">
      <Filter>Header Files</Filter>
    </ClInclude>
    <ClInclude Include="biteditor_child_frame.h">
      <Filter>Header Files</Filter>
    </ClInclude>
    <ClInclude Include="biteditor_document.h">
      <Filter>Header Files</Filter>
    </ClInclude>
    <ClInclude Include="biteditor_frame.h">
      <Filter>Header Files</Filter>
    </ClInclude>
    <ClInclude Include="biteditor_front_child_frame.h">
      <Filter>Header Files</Filter>
    </ClInclude>
    <ClInclude Include="biteditor_front_document.h">
      <Filter>Header Files</Filter>
    </ClInclude>
    <ClInclude Include="biteditor_front_view.h">
      <Filter>Header Files</Filter>
    </ClInclude>
    <ClInclude Include="biteditor_hex_box.h">
      <Filter>Header Files</Filter>
    </ClInclude>
    <ClInclude Include="biteditor_main_document.h">
      <Filter>Header Files</Filter>
    </ClInclude>
    <ClInclude Include="biteditor_pane_view.h">
      <Filter>Header Files</Filter>
    </ClInclude>
    <ClInclude Include="biteditor_pane_view_update_hint.h">
      <Filter>Header Files</Filter>
    </ClInclude>
    <ClInclude Include="biteditor_view.h">
      <Filter>Header Files</Filter>
    </ClInclude>
  </ItemGroup>
  <ItemGroup>
    <None Include="app_core_biteditor.def">
      <Filter>Source Files</Filter>
    </None>
  </ItemGroup>
</Project>