<?xml version="1.0" encoding="utf-8"?>
<Project ToolsVersion="4.0" xmlns="http://schemas.microsoft.com/developer/msbuild/2003">
  <ItemGroup>
    <Filter Include="Source Files">
      <UniqueIdentifier>{4FC737F1-C7A5-4376-A066-2A32D752A2FF}</UniqueIdentifier>
      <Extensions>cpp;c;cxx;def;odl;idl;hpj;bat;asm;asmx</Extensions>
    </Filter>
    <Filter Include="Header Files">
      <UniqueIdentifier>{93995380-89BD-4b04-88EB-625FBE52EBFB}</UniqueIdentifier>
      <Extensions>h;hpp;hxx;hm;inl;inc;xsd</Extensions>
    </Filter>
  </ItemGroup>
  <ItemGroup>
    <ClCompile Include="Element2D.cpp">
      <Filter>Source Files</Filter>
    </ClCompile>
    <ClCompile Include="framework.cpp">
      <Filter>Source Files</Filter>
    </ClCompile>
    <ClCompile Include="KeyboardFocus.cpp">
      <Filter>Source Files</Filter>
    </ClCompile>
    <ClCompile Include="netnodeds.cpp">
      <Filter>Source Files</Filter>
    </ClCompile>
    <ClCompile Include="netnodeds_application.cpp">
      <Filter>Source Files</Filter>
    </ClCompile>
    <ClCompile Include="netnodeds_child_frame.cpp">
      <Filter>Source Files</Filter>
    </ClCompile>
    <ClCompile Include="netnodeds_document.cpp">
      <Filter>Source Files</Filter>
    </ClCompile>
    <ClCompile Include="netnodeds_elemental.cpp">
      <Filter>Source Files</Filter>
    </ClCompile>
    <ClCompile Include="netnodeds_elemental_file.cpp">
      <Filter>Source Files</Filter>
    </ClCompile>
    <ClCompile Include="netnodeds_elemental_folder.cpp">
      <Filter>Source Files</Filter>
    </ClCompile>
    <ClCompile Include="netnodeds_elemental_headers.cpp">
      <Filter>Source Files</Filter>
    </ClCompile>
    <ClCompile Include="netnodeds_elemental_project.cpp">
      <Filter>Source Files</Filter>
    </ClCompile>
    <ClCompile Include="netnodeds_elemental_solution.cpp">
      <Filter>Source Files</Filter>
    </ClCompile>
    <ClCompile Include="netnodeds_elemental_source.cpp">
      <Filter>Source Files</Filter>
    </ClCompile>
    <ClCompile Include="netnodeds_front_child_frame.cpp">
      <Filter>Source Files</Filter>
    </ClCompile>
    <ClCompile Include="netnodeds_front_document.cpp">
      <Filter>Source Files</Filter>
    </ClCompile>
    <ClCompile Include="netnodeds_front_thread.cpp">
      <Filter>Source Files</Filter>
    </ClCompile>
    <ClCompile Include="netnodeds_front_view.cpp">
      <Filter>Source Files</Filter>
    </ClCompile>
    <ClCompile Include="netnodeds_html_edit_child_frame.cpp">
      <Filter>Source Files</Filter>
    </ClCompile>
    <ClCompile Include="netnodeds_html_edit_document.cpp">
      <Filter>Source Files</Filter>
    </ClCompile>
    <ClCompile Include="netnodeds_html_edit_view.cpp">
      <Filter>Source Files</Filter>
    </ClCompile>
    <ClCompile Include="netnodeds_html_stage_document.cpp">
      <Filter>Source Files</Filter>
    </ClCompile>
    <ClCompile Include="netnodeds_html_stage_frame.cpp">
      <Filter>Source Files</Filter>
    </ClCompile>
    <ClCompile Include="netnodeds_html_stage_view.cpp">
      <Filter>Source Files</Filter>
    </ClCompile>
    <ClCompile Include="netnodeds_main_document.cpp">
      <Filter>Source Files</Filter>
    </ClCompile>
    <ClCompile Include="netnodeds_main_frame.cpp">
      <Filter>Source Files</Filter>
    </ClCompile>
    <ClCompile Include="netnodeds_netnodeds.cpp">
      <Filter>Source Files</Filter>
    </ClCompile>
    <ClCompile Include="netnodeds_pane_view.cpp">
      <Filter>Source Files</Filter>
    </ClCompile>
    <ClCompile Include="netnodeds_pane_view_update_hint.cpp">
      <Filter>Source Files</Filter>
    </ClCompile>
    <ClCompile Include="netnodeds_solution_document.cpp">
      <Filter>Source Files</Filter>
    </ClCompile>
    <ClCompile Include="netnodeds_solution_tree_data.cpp">
      <Filter>Source Files</Filter>
    </ClCompile>
    <ClCompile Include="netnodeds_solution_view.cpp">
      <Filter>Source Files</Filter>
    </ClCompile>
    <ClCompile Include="netnodeds_view.cpp">
      <Filter>Source Files</Filter>
    </ClCompile>
    <ClCompile Include="netnodedsDoc.cpp">
      <Filter>Source Files</Filter>
    </ClCompile>
    <ClCompile Include="netnodedsFrame.cpp">
      <Filter>Source Files</Filter>
    </ClCompile>
    <ClCompile Include="netnodedsView.cpp">
      <Filter>Source Files</Filter>
    </ClCompile>
    <ClCompile Include="PaneViewUpdateHint.cpp">
      <Filter>Source Files</Filter>
    </ClCompile>
    <ClCompile Include="PlainTextBox.cpp">
      <Filter>Source Files</Filter>
    </ClCompile>
    <ClCompile Include="TextInterface.cpp">
      <Filter>Source Files</Filter>
    </ClCompile>
  </ItemGroup>
  <ItemGroup>
    <ClInclude Include="Element2D.h">
      <Filter>Header Files</Filter>
    </ClInclude>
    <ClInclude Include="framework.h">
      <Filter>Header Files</Filter>
    </ClInclude>
    <ClInclude Include="KeyboardFocus.h">
      <Filter>Header Files</Filter>
    </ClInclude>
    <ClInclude Include="netnodeds.h">
      <Filter>Header Files</Filter>
    </ClInclude>
    <ClInclude Include="netnodeds_application.h">
      <Filter>Header Files</Filter>
    </ClInclude>
    <ClInclude Include="netnodeds_child_frame.h">
      <Filter>Header Files</Filter>
    </ClInclude>
    <ClInclude Include="netnodeds_document.h">
      <Filter>Header Files</Filter>
    </ClInclude>
    <ClInclude Include="netnodeds_elemental.h">
      <Filter>Header Files</Filter>
    </ClInclude>
    <ClInclude Include="netnodeds_elemental_file.h">
      <Filter>Header Files</Filter>
    </ClInclude>
    <ClInclude Include="netnodeds_elemental_folder.h">
      <Filter>Header Files</Filter>
    </ClInclude>
    <ClInclude Include="netnodeds_elemental_headers.h">
      <Filter>Header Files</Filter>
    </ClInclude>
    <ClInclude Include="netnodeds_elemental_project.h">
      <Filter>Header Files</Filter>
    </ClInclude>
    <ClInclude Include="netnodeds_elemental_solution.h">
      <Filter>Header Files</Filter>
    </ClInclude>
    <ClInclude Include="netnodeds_elemental_source.h">
      <Filter>Header Files</Filter>
    </ClInclude>
    <ClInclude Include="netnodeds_front_child_frame.h">
      <Filter>Header Files</Filter>
    </ClInclude>
    <ClInclude Include="netnodeds_front_document.h">
      <Filter>Header Files</Filter>
    </ClInclude>
    <ClInclude Include="netnodeds_front_thread.h">
      <Filter>Header Files</Filter>
    </ClInclude>
    <ClInclude Include="netnodeds_front_view.h">
      <Filter>Header Files</Filter>
    </ClInclude>
    <ClInclude Include="netnodeds_html_edit_child_frame.h">
      <Filter>Header Files</Filter>
    </ClInclude>
    <ClInclude Include="netnodeds_html_edit_document.h">
      <Filter>Header Files</Filter>
    </ClInclude>
    <ClInclude Include="netnodeds_html_edit_view.h">
      <Filter>Header Files</Filter>
    </ClInclude>
    <ClInclude Include="netnodeds_html_stage_child_frame.h">
      <Filter>Header Files</Filter>
    </ClInclude>
    <ClInclude Include="netnodeds_html_stage_document.h">
      <Filter>Header Files</Filter>
    </ClInclude>
    <ClInclude Include="netnodeds_html_stage_view.h">
      <Filter>Header Files</Filter>
    </ClInclude>
    <ClInclude Include="netnodeds_internal.h">
      <Filter>Header Files</Filter>
    </ClInclude>
    <ClInclude Include="netnodeds_main_document.h">
      <Filter>Header Files</Filter>
    </ClInclude>
    <ClInclude Include="netnodeds_main_frame.h">
      <Filter>Header Files</Filter>
    </ClInclude>
    <ClInclude Include="netnodeds_netnodeds.h">
      <Filter>Header Files</Filter>
    </ClInclude>
    <ClInclude Include="netnodeds_pane_view.h">
      <Filter>Header Files</Filter>
    </ClInclude>
    <ClInclude Include="netnodeds_pane_view_update_hint.h">
      <Filter>Header Files</Filter>
    </ClInclude>
    <ClInclude Include="netnodeds_solution_document.h">
      <Filter>Header Files</Filter>
    </ClInclude>
    <ClInclude Include="netnodeds_solution_tree_data.h">
      <Filter>Header Files</Filter>
    </ClInclude>
    <ClInclude Include="netnodeds_solution_view.h">
      <Filter>Header Files</Filter>
    </ClInclude>
    <ClInclude Include="netnodeds_view.h">
      <Filter>Header Files</Filter>
    </ClInclude>
    <ClInclude Include="netnodedsDoc.h">
      <Filter>Header Files</Filter>
    </ClInclude>
    <ClInclude Include="netnodedsFrame.h">
      <Filter>Header Files</Filter>
    </ClInclude>
    <ClInclude Include="netnodedsView.h">
      <Filter>Header Files</Filter>
    </ClInclude>
    <ClInclude Include="PaneViewUpdateHint.h">
      <Filter>Header Files</Filter>
    </ClInclude>
    <ClInclude Include="PlainTextBox.h">
      <Filter>Header Files</Filter>
    </ClInclude>
    <ClInclude Include="TextInterface.h">
      <Filter>Header Files</Filter>
    </ClInclude>
  </ItemGroup>
</Project>