<?xml version="1.0" encoding="utf-8"?>
<Project ToolsVersion="4.0" xmlns="http://schemas.microsoft.com/developer/msbuild/2003">
  <ItemGroup>
    <Filter Include="Source Files">
      <UniqueIdentifier>{8e5d91c7-edc0-4d92-b733-aeffca5af850}</UniqueIdentifier>
    </Filter>
    <Filter Include="Header Files">
      <UniqueIdentifier>{93995380-89BD-4b04-88EB-625FBE52EBFB}</UniqueIdentifier>
      <Extensions>h;hpp;hxx;hm;inl;inc;xsd</Extensions>
    </Filter>
  </ItemGroup>
  <ItemGroup>
    <ClCompile Include="textformat.cpp">
      <Filter>Source Files</Filter>
    </ClCompile>
    <ClCompile Include="framework.cpp">
      <Filter>Source Files</Filter>
    </ClCompile>
    <ClCompile Include=".\textformat_application.cpp">
      <Filter>Source Files</Filter>
    </ClCompile>
    <ClCompile Include=".\textformat_document.cpp">
      <Filter>Source Files</Filter>
    </ClCompile>
    <ClCompile Include=".\textformat_frame.cpp">
      <Filter>Source Files</Filter>
    </ClCompile>
    <ClCompile Include=".\textformat_pane_view.cpp">
      <Filter>Source Files</Filter>
    </ClCompile>
    <ClCompile Include=".\textformat_pane_view_update_hint.cpp">
      <Filter>Source Files</Filter>
    </ClCompile>
    <ClCompile Include=".\textformat_view.cpp">
      <Filter>Source Files</Filter>
    </ClCompile>
    <ClCompile Include="textformat_main_frame.cpp">
      <Filter>Source Files</Filter>
    </ClCompile>
    <ClCompile Include="user_object.cpp">
      <Filter>Source Files</Filter>
    </ClCompile>
    <ClCompile Include="user_font_combo_box.cpp">
      <Filter>Source Files</Filter>
    </ClCompile>
    <ClCompile Include="user_rich_text_edit.cpp">
      <Filter>Source Files</Filter>
    </ClCompile>
    <ClCompile Include="user_tool_window.cpp">
      <Filter>Source Files</Filter>
    </ClCompile>
    <ClCompile Include="userex_font_format_tool.cpp">
      <Filter>Source Files</Filter>
    </ClCompile>
    <ClCompile Include="user_text_format_object.cpp">
      <Filter>Source Files</Filter>
    </ClCompile>
    <ClCompile Include="user_rich_text_box.cpp">
      <Filter>Source Files</Filter>
    </ClCompile>
    <ClCompile Include="user_rich_text_data.cpp">
      <Filter>Source Files</Filter>
    </ClCompile>
    <ClCompile Include="user_rich_text_format.cpp">
      <Filter>Source Files</Filter>
    </ClCompile>
    <ClCompile Include="user_rich_text_global.cpp">
      <Filter>Source Files</Filter>
    </ClCompile>
    <ClCompile Include="user_pic.cpp">
      <Filter>Source Files</Filter>
    </ClCompile>
    <ClCompile Include="composite_view.cpp">
      <Filter>Source Files</Filter>
    </ClCompile>
    <ClCompile Include="user_image_list_view.cpp">
      <Filter>Source Files</Filter>
    </ClCompile>
    <ClCompile Include="user_menu_view.cpp">
      <Filter>Source Files</Filter>
    </ClCompile>
    <ClCompile Include="userex_group_image_list_view.cpp">
      <Filter>Source Files</Filter>
    </ClCompile>
    <ClCompile Include="userex_image_list_view.cpp">
      <Filter>Source Files</Filter>
    </ClCompile>
    <ClCompile Include="aura_serialize.cpp">
      <Filter>Source Files</Filter>
    </ClCompile>
  </ItemGroup>
  <ItemGroup>
    <ClInclude Include="textformat.h">
      <Filter>Header Files</Filter>
    </ClInclude>
    <ClInclude Include="framework.h">
      <Filter>Header Files</Filter>
    </ClInclude>
    <ClInclude Include="textformat_application.h">
      <Filter>Header Files</Filter>
    </ClInclude>
    <ClInclude Include="textformat_document.h">
      <Filter>Header Files</Filter>
    </ClInclude>
    <ClInclude Include="textformat_frame.h">
      <Filter>Header Files</Filter>
    </ClInclude>
    <ClInclude Include="textformat_pane_view.h">
      <Filter>Header Files</Filter>
    </ClInclude>
    <ClInclude Include="textformat_pane_view_update_hint.h">
      <Filter>Header Files</Filter>
    </ClInclude>
    <ClInclude Include="textformat_view.h">
      <Filter>Header Files</Filter>
    </ClInclude>
    <ClInclude Include="textformat_main_frame.h">
      <Filter>Header Files</Filter>
    </ClInclude>
    <ClInclude Include="user_object.h">
      <Filter>Header Files</Filter>
    </ClInclude>
    <ClInclude Include="user_font_combo_box.h">
      <Filter>Header Files</Filter>
    </ClInclude>
    <ClInclude Include="user_rich_text_edit.h">
      <Filter>Header Files</Filter>
    </ClInclude>
    <ClInclude Include="user_tool_window.h">
      <Filter>Header Files</Filter>
    </ClInclude>
    <ClInclude Include="userex_font_format_tool.h">
      <Filter>Header Files</Filter>
    </ClInclude>
    <ClInclude Include="user_text_format_object.h">
      <Filter>Header Files</Filter>
    </ClInclude>
    <ClInclude Include="user_rich_text_data.h">
      <Filter>Header Files</Filter>
    </ClInclude>
    <ClInclude Include="user_rich_text_global.h">
      <Filter>Header Files</Filter>
    </ClInclude>
    <ClInclude Include="user_rich_text_box.h">
      <Filter>Header Files</Filter>
    </ClInclude>
    <ClInclude Include="user_rich_text_format.h">
      <Filter>Header Files</Filter>
    </ClInclude>
    <ClInclude Include="user_rich_text_layout.h">
      <Filter>Header Files</Filter>
    </ClInclude>
    <ClInclude Include="user_rich_text.h">
      <Filter>Header Files</Filter>
    </ClInclude>
    <ClInclude Include="user_pic.h">
      <Filter>Header Files</Filter>
    </ClInclude>
    <ClInclude Include="composite_view.h">
      <Filter>Header Files</Filter>
    </ClInclude>
    <ClInclude Include="user_image_list_view.h">
      <Filter>Header Files</Filter>
    </ClInclude>
    <ClInclude Include="user_menu_view.h">
      <Filter>Header Files</Filter>
    </ClInclude>
    <ClInclude Include="userex_group_image_list_view.h">
      <Filter>Header Files</Filter>
    </ClInclude>
    <ClInclude Include="userex_image_list_view.h">
      <Filter>Header Files</Filter>
    </ClInclude>
    <ClInclude Include="aura_serialize.h">
      <Filter>Header Files</Filter>
    </ClInclude>
  </ItemGroup>
  <ItemGroup>
    <None Include=".\app_core_textformat.def">
      <Filter>Source Files</Filter>
    </None>
  </ItemGroup>
</Project>